// !$*UTF8*$!
{
	archiveVersion = 1;
	classes = {
	};
	objectVersion = 77;
	objects = {

/* Begin PBXBuildFile section */
		03476408E6824AB5CAFE4D24 /* SwiftTerm in Frameworks */ = {isa = PBXBuildFile; productRef = 0B5FBB6194B2A0BD5B1BE44E /* SwiftTerm */; };
		05917A8C56508A78542A856B /* LaunchRequestTests.swift in Sources */ = {isa = PBXBuildFile; fileRef = 47659228382542AB0B7B44E5 /* LaunchRequestTests.swift */; };
		07BC9699EE306F772D3D98A2 /* SessionStore.swift in Sources */ = {isa = PBXBuildFile; fileRef = 0EE5E6D2027EC2B823450F49 /* SessionStore.swift */; };
		11A49F79CAB93FED75F13EDA /* SessionListView.swift in Sources */ = {isa = PBXBuildFile; fileRef = 1864DB002A542409908ECBD3 /* SessionListView.swift */; };
		17E2C8899DF06AE371788C16 /* APIClient.swift in Sources */ = {isa = PBXBuildFile; fileRef = D79A1485035DE4D05047F604 /* APIClient.swift */; };
		19DAE3E0EBBBFFF78EDCC03D /* ServerManager.swift in Sources */ = {isa = PBXBuildFile; fileRef = 8065D02284CB252911E724B0 /* ServerManager.swift */; };
		2B918E92798AC7B98F897565 /* CommandInputView.swift in Sources */ = {isa = PBXBuildFile; fileRef = CBF58A276EFBCDED88FBFE4A /* CommandInputView.swift */; };
		303A2088B3C8615747071AAF /* LaunchDropdown.swift in Sources */ = {isa = PBXBuildFile; fileRef = B192BA3D3921BE8C321ED8EC /* LaunchDropdown.swift */; };
		46E6D7D5BD1B727CE24185D3 /* LocalTerminalView.swift in Sources */ = {isa = PBXBuildFile; fileRef = FADC0D7A2D747C4BBD5FC948 /* LocalTerminalView.swift */; };
		4E7EDCC9A5FAB5E95E8CDE04 /* SessionRowView.swift in Sources */ = {isa = PBXBuildFile; fileRef = D7CAB080FA8DB71565FFA7DD /* SessionRowView.swift */; };
		59228F6413F6A8EE3B40BFBD /* TestHelpers.swift in Sources */ = {isa = PBXBuildFile; fileRef = 10926C8ADD6242F9497396DE /* TestHelpers.swift */; };
		5BDF7819FCDA83B9DABDDD7B /* SettingsView.swift in Sources */ = {isa = PBXBuildFile; fileRef = 58DA0323E26FB69F3510BFE6 /* SettingsView.swift */; };
		63107A62F753C9DBA358236A /* RepoConfigRow.swift in Sources */ = {isa = PBXBuildFile; fileRef = BD6073EB5575DFC81E4C21B2 /* RepoConfigRow.swift */; };
		680B73EEB5ED3BB1DEB6CC6F /* RepoConfig.swift in Sources */ = {isa = PBXBuildFile; fileRef = D388B14CE0AC9CC031D1678A /* RepoConfig.swift */; };
		6B9287A51A0915CBFBAD10CE /* TerminalView.swift in Sources */ = {isa = PBXBuildFile; fileRef = A1EFD4CEDFBCC8C1978C8A43 /* TerminalView.swift */; };
		7C623E75E7BE38323532980A /* Session.swift in Sources */ = {isa = PBXBuildFile; fileRef = E158502CB4D1ECBBB16A18DF /* Session.swift */; };
		90D1F74652D88DD181CD8424 /* NotificationManager.swift in Sources */ = {isa = PBXBuildFile; fileRef = 334F021BEEE52BBAEC37F2FA /* NotificationManager.swift */; };
		95A0A85A9FCE22CCF11FA75B /* CoralApp.swift in Sources */ = {isa = PBXBuildFile; fileRef = CC357D9F795A7AB0C43066C3 /* CoralApp.swift */; };
		97C10100BD2253767B09024D /* LaunchRequest.swift in Sources */ = {isa = PBXBuildFile; fileRef = 2624FB63A4C17E2E10C76016 /* LaunchRequest.swift */; };
		9A183AC5B573AC1799933BEC /* SessionTests.swift in Sources */ = {isa = PBXBuildFile; fileRef = 36AAE19C5549F55E9AEC39A3 /* SessionTests.swift */; };
		9DE88FFBC496B5797F95BEBD /* TerminalWebSocket.swift in Sources */ = {isa = PBXBuildFile; fileRef = 1C10D0761FAF424E8E791CB2 /* TerminalWebSocket.swift */; };
		A71FC1E4865D34638FDB1D1C /* SessionDetailView.swift in Sources */ = {isa = PBXBuildFile; fileRef = 4CC658695A521A00A426C842 /* SessionDetailView.swift */; };
		B702A9B02F6793C221AB19C2 /* WSEnvelopeTests.swift in Sources */ = {isa = PBXBuildFile; fileRef = C81C9C0758A1D0458CDCF70A /* WSEnvelopeTests.swift */; };
		C25D7A900B9CCD6A8D096B4D /* LoadingView.swift in Sources */ = {isa = PBXBuildFile; fileRef = 6E264D0341BAFD453D0E785C /* LoadingView.swift */; };
		CA15AA19EC673F63236200F0 /* SessionStoreTests.swift in Sources */ = {isa = PBXBuildFile; fileRef = 7823D1C8C48B265CCCE1B113 /* SessionStoreTests.swift */; };
		CCD578C6579D74630698CCC8 /* CreateWorktreeSheet.swift in Sources */ = {isa = PBXBuildFile; fileRef = 12966A78F0F559D62D19423C /* CreateWorktreeSheet.swift */; };
		D308B9600E14E598E09446EA /* ContentView.swift in Sources */ = {isa = PBXBuildFile; fileRef = C151889272ED744F29772385 /* ContentView.swift */; };
		EAF55BFBA30FF6858891F835 /* StatusDot.swift in Sources */ = {isa = PBXBuildFile; fileRef = 32DE040A2413C63DC90B0FD0 /* StatusDot.swift */; };
		EB8CF35F8F1ACAA90122565A /* GitService.swift in Sources */ = {isa = PBXBuildFile; fileRef = 307756661CE76AC251EB6E64 /* GitService.swift */; };
		F6A1181753693D8D454B94B8 /* CoralWebSocket.swift in Sources */ = {isa = PBXBuildFile; fileRef = 53E64546468C05F7E4BF2D28 /* CoralWebSocket.swift */; };
/* End PBXBuildFile section */

/* Begin PBXContainerItemProxy section */
		11DC7B42BC89F8D3AFC9604D /* PBXContainerItemProxy */ = {
			isa = PBXContainerItemProxy;
			containerPortal = 628F220A3D74C5C5BEC10CBD /* Project object */;
			proxyType = 1;
			remoteGlobalIDString = 336EA1A04B625AB8DAC7DEB8;
			remoteInfo = CoralApp;
		};
/* End PBXContainerItemProxy section */

/* Begin PBXFileReference section */
		0EE5E6D2027EC2B823450F49 /* SessionStore.swift */ = {isa = PBXFileReference; lastKnownFileType = sourcecode.swift; path = SessionStore.swift; sourceTree = "<group>"; };
		10926C8ADD6242F9497396DE /* TestHelpers.swift */ = {isa = PBXFileReference; lastKnownFileType = sourcecode.swift; path = TestHelpers.swift; sourceTree = "<group>"; };
		12966A78F0F559D62D19423C /* CreateWorktreeSheet.swift */ = {isa = PBXFileReference; lastKnownFileType = sourcecode.swift; path = CreateWorktreeSheet.swift; sourceTree = "<group>"; };
		1864DB002A542409908ECBD3 /* SessionListView.swift */ = {isa = PBXFileReference; lastKnownFileType = sourcecode.swift; path = SessionListView.swift; sourceTree = "<group>"; };
		1C10D0761FAF424E8E791CB2 /* TerminalWebSocket.swift */ = {isa = PBXFileReference; lastKnownFileType = sourcecode.swift; path = TerminalWebSocket.swift; sourceTree = "<group>"; };
		2624FB63A4C17E2E10C76016 /* LaunchRequest.swift */ = {isa = PBXFileReference; lastKnownFileType = sourcecode.swift; path = LaunchRequest.swift; sourceTree = "<group>"; };
		307756661CE76AC251EB6E64 /* GitService.swift */ = {isa = PBXFileReference; lastKnownFileType = sourcecode.swift; path = GitService.swift; sourceTree = "<group>"; };
		32085BEFAF7A53294BA4BEE0 /* Info.plist */ = {isa = PBXFileReference; lastKnownFileType = text.plist; path = Info.plist; sourceTree = "<group>"; };
		32DE040A2413C63DC90B0FD0 /* StatusDot.swift */ = {isa = PBXFileReference; lastKnownFileType = sourcecode.swift; path = StatusDot.swift; sourceTree = "<group>"; };
		334F021BEEE52BBAEC37F2FA /* NotificationManager.swift */ = {isa = PBXFileReference; lastKnownFileType = sourcecode.swift; path = NotificationManager.swift; sourceTree = "<group>"; };
		36AAE19C5549F55E9AEC39A3 /* SessionTests.swift */ = {isa = PBXFileReference; lastKnownFileType = sourcecode.swift; path = SessionTests.swift; sourceTree = "<group>"; };
		3EA24C8BAC52EF9240D88653 /* CoralApp.app */ = {isa = PBXFileReference; explicitFileType = wrapper.application; includeInIndex = 0; path = CoralApp.app; sourceTree = BUILT_PRODUCTS_DIR; };
		47659228382542AB0B7B44E5 /* LaunchRequestTests.swift */ = {isa = PBXFileReference; lastKnownFileType = sourcecode.swift; path = LaunchRequestTests.swift; sourceTree = "<group>"; };
		4CC658695A521A00A426C842 /* SessionDetailView.swift */ = {isa = PBXFileReference; lastKnownFileType = sourcecode.swift; path = SessionDetailView.swift; sourceTree = "<group>"; };
		53E64546468C05F7E4BF2D28 /* CoralWebSocket.swift */ = {isa = PBXFileReference; lastKnownFileType = sourcecode.swift; path = CoralWebSocket.swift; sourceTree = "<group>"; };
		58DA0323E26FB69F3510BFE6 /* SettingsView.swift */ = {isa = PBXFileReference; lastKnownFileType = sourcecode.swift; path = SettingsView.swift; sourceTree = "<group>"; };
		6E264D0341BAFD453D0E785C /* LoadingView.swift */ = {isa = PBXFileReference; lastKnownFileType = sourcecode.swift; path = LoadingView.swift; sourceTree = "<group>"; };
		7823D1C8C48B265CCCE1B113 /* SessionStoreTests.swift */ = {isa = PBXFileReference; lastKnownFileType = sourcecode.swift; path = SessionStoreTests.swift; sourceTree = "<group>"; };
		8065D02284CB252911E724B0 /* ServerManager.swift */ = {isa = PBXFileReference; lastKnownFileType = sourcecode.swift; path = ServerManager.swift; sourceTree = "<group>"; };
		A1EFD4CEDFBCC8C1978C8A43 /* TerminalView.swift */ = {isa = PBXFileReference; lastKnownFileType = sourcecode.swift; path = TerminalView.swift; sourceTree = "<group>"; };
		A575A756179C98F028B6DA79 /* CoralAppTests.xctest */ = {isa = PBXFileReference; explicitFileType = wrapper.cfbundle; includeInIndex = 0; path = CoralAppTests.xctest; sourceTree = BUILT_PRODUCTS_DIR; };
		B192BA3D3921BE8C321ED8EC /* LaunchDropdown.swift */ = {isa = PBXFileReference; lastKnownFileType = sourcecode.swift; path = LaunchDropdown.swift; sourceTree = "<group>"; };
		BD6073EB5575DFC81E4C21B2 /* RepoConfigRow.swift */ = {isa = PBXFileReference; lastKnownFileType = sourcecode.swift; path = RepoConfigRow.swift; sourceTree = "<group>"; };
		C151889272ED744F29772385 /* ContentView.swift */ = {isa = PBXFileReference; lastKnownFileType = sourcecode.swift; path = ContentView.swift; sourceTree = "<group>"; };
		C81C9C0758A1D0458CDCF70A /* WSEnvelopeTests.swift */ = {isa = PBXFileReference; lastKnownFileType = sourcecode.swift; path = WSEnvelopeTests.swift; sourceTree = "<group>"; };
		CBF58A276EFBCDED88FBFE4A /* CommandInputView.swift */ = {isa = PBXFileReference; lastKnownFileType = sourcecode.swift; path = CommandInputView.swift; sourceTree = "<group>"; };
		CC357D9F795A7AB0C43066C3 /* CoralApp.swift */ = {isa = PBXFileReference; lastKnownFileType = sourcecode.swift; path = CoralApp.swift; sourceTree = "<group>"; };
		D388B14CE0AC9CC031D1678A /* RepoConfig.swift */ = {isa = PBXFileReference; lastKnownFileType = sourcecode.swift; path = RepoConfig.swift; sourceTree = "<group>"; };
		D79A1485035DE4D05047F604 /* APIClient.swift */ = {isa = PBXFileReference; lastKnownFileType = sourcecode.swift; path = APIClient.swift; sourceTree = "<group>"; };
		D7CAB080FA8DB71565FFA7DD /* SessionRowView.swift */ = {isa = PBXFileReference; lastKnownFileType = sourcecode.swift; path = SessionRowView.swift; sourceTree = "<group>"; };
		E158502CB4D1ECBBB16A18DF /* Session.swift */ = {isa = PBXFileReference; lastKnownFileType = sourcecode.swift; path = Session.swift; sourceTree = "<group>"; };
		FADC0D7A2D747C4BBD5FC948 /* LocalTerminalView.swift */ = {isa = PBXFileReference; lastKnownFileType = sourcecode.swift; path = LocalTerminalView.swift; sourceTree = "<group>"; };
/* End PBXFileReference section */

/* Begin PBXFrameworksBuildPhase section */
		2D99007D78C774D0BB2D8F04 /* Frameworks */ = {
			isa = PBXFrameworksBuildPhase;
			buildActionMask = 2147483647;
			files = (
				03476408E6824AB5CAFE4D24 /* SwiftTerm in Frameworks */,
			);
			runOnlyForDeploymentPostprocessing = 0;
		};
/* End PBXFrameworksBuildPhase section */

/* Begin PBXGroup section */
		099A1066EFE637F882822AD2 /* Views */ = {
			isa = PBXGroup;
			children = (
				C151889272ED744F29772385 /* ContentView.swift */,
				A1DDC13C5D2CBBEA3A113501 /* Detail */,
				78FCA3336CB92DF1199A7921 /* Settings */,
				8B0CE2DAE7D8EE9DF8882432 /* Shared */,
				9446CBF8CF0904319BA9966B /* Sidebar */,
			);
			path = Views;
			sourceTree = "<group>";
		};
		510FEAAE6770BDDAC931E955 = {
			isa = PBXGroup;
			children = (
				EAC833D634A5143346F0FA15 /* CoralApp */,
				BC1797FDFB8815AB7EF81E4A /* CoralAppTests */,
				C03C2C2BC5BC26CA8832B6DA /* Products */,
			);
			sourceTree = "<group>";
		};
		78FCA3336CB92DF1199A7921 /* Settings */ = {
			isa = PBXGroup;
			children = (
				BD6073EB5575DFC81E4C21B2 /* RepoConfigRow.swift */,
				58DA0323E26FB69F3510BFE6 /* SettingsView.swift */,
			);
			path = Settings;
			sourceTree = "<group>";
		};
		8B0CE2DAE7D8EE9DF8882432 /* Shared */ = {
			isa = PBXGroup;
			children = (
				6E264D0341BAFD453D0E785C /* LoadingView.swift */,
				32DE040A2413C63DC90B0FD0 /* StatusDot.swift */,
			);
			path = Shared;
			sourceTree = "<group>";
		};
		9446CBF8CF0904319BA9966B /* Sidebar */ = {
			isa = PBXGroup;
			children = (
				12966A78F0F559D62D19423C /* CreateWorktreeSheet.swift */,
				B192BA3D3921BE8C321ED8EC /* LaunchDropdown.swift */,
				1864DB002A542409908ECBD3 /* SessionListView.swift */,
				D7CAB080FA8DB71565FFA7DD /* SessionRowView.swift */,
			);
			path = Sidebar;
			sourceTree = "<group>";
		};
		A1DDC13C5D2CBBEA3A113501 /* Detail */ = {
			isa = PBXGroup;
			children = (
				CBF58A276EFBCDED88FBFE4A /* CommandInputView.swift */,
				FADC0D7A2D747C4BBD5FC948 /* LocalTerminalView.swift */,
				4CC658695A521A00A426C842 /* SessionDetailView.swift */,
				A1EFD4CEDFBCC8C1978C8A43 /* TerminalView.swift */,
			);
			path = Detail;
			sourceTree = "<group>";
		};
		BC1797FDFB8815AB7EF81E4A /* CoralAppTests */ = {
			isa = PBXGroup;
			children = (
				47659228382542AB0B7B44E5 /* LaunchRequestTests.swift */,
				7823D1C8C48B265CCCE1B113 /* SessionStoreTests.swift */,
				36AAE19C5549F55E9AEC39A3 /* SessionTests.swift */,
				10926C8ADD6242F9497396DE /* TestHelpers.swift */,
				C81C9C0758A1D0458CDCF70A /* WSEnvelopeTests.swift */,
			);
			path = CoralAppTests;
			sourceTree = "<group>";
		};
		C03C2C2BC5BC26CA8832B6DA /* Products */ = {
			isa = PBXGroup;
			children = (
				3EA24C8BAC52EF9240D88653 /* CoralApp.app */,
				A575A756179C98F028B6DA79 /* CoralAppTests.xctest */,
			);
			name = Products;
			sourceTree = "<group>";
		};
		EA56AB1129E2475B4191EC69 /* Stores */ = {
			isa = PBXGroup;
			children = (
				0EE5E6D2027EC2B823450F49 /* SessionStore.swift */,
			);
			path = Stores;
			sourceTree = "<group>";
		};
		EAC833D634A5143346F0FA15 /* CoralApp */ = {
			isa = PBXGroup;
			children = (
				CC357D9F795A7AB0C43066C3 /* CoralApp.swift */,
				32085BEFAF7A53294BA4BEE0 /* Info.plist */,
				F3F46F80D722F65780143A5A /* Models */,
				FFB2F82903B0C316CF7A7D4F /* Services */,
				EA56AB1129E2475B4191EC69 /* Stores */,
				099A1066EFE637F882822AD2 /* Views */,
			);
			path = CoralApp;
			sourceTree = "<group>";
		};
		F3F46F80D722F65780143A5A /* Models */ = {
			isa = PBXGroup;
			children = (
				2624FB63A4C17E2E10C76016 /* LaunchRequest.swift */,
				D388B14CE0AC9CC031D1678A /* RepoConfig.swift */,
				E158502CB4D1ECBBB16A18DF /* Session.swift */,
			);
			path = Models;
			sourceTree = "<group>";
		};
		FFB2F82903B0C316CF7A7D4F /* Services */ = {
			isa = PBXGroup;
			children = (
				D79A1485035DE4D05047F604 /* APIClient.swift */,
				53E64546468C05F7E4BF2D28 /* CoralWebSocket.swift */,
				307756661CE76AC251EB6E64 /* GitService.swift */,
				334F021BEEE52BBAEC37F2FA /* NotificationManager.swift */,
				8065D02284CB252911E724B0 /* ServerManager.swift */,
				1C10D0761FAF424E8E791CB2 /* TerminalWebSocket.swift */,
			);
			path = Services;
			sourceTree = "<group>";
		};
/* End PBXGroup section */

/* Begin PBXNativeTarget section */
		2A915E85FC6DCCE16245AF78 /* CoralAppTests */ = {
			isa = PBXNativeTarget;
			buildConfigurationList = D2388E9028B83B78FE957DD7 /* Build configuration list for PBXNativeTarget "CoralAppTests" */;
			buildPhases = (
				396CA988C6A3B78056FBA729 /* Sources */,
			);
			buildRules = (
			);
			dependencies = (
				5F2D71D296DB23218AA3DB4A /* PBXTargetDependency */,
			);
			name = CoralAppTests;
			packageProductDependencies = (
			);
			productName = CoralAppTests;
			productReference = A575A756179C98F028B6DA79 /* CoralAppTests.xctest */;
			productType = "com.apple.product-type.bundle.unit-test";
		};
		336EA1A04B625AB8DAC7DEB8 /* CoralApp */ = {
			isa = PBXNativeTarget;
			buildConfigurationList = AC0302DAAA3CBAD180F5AEE6 /* Build configuration list for PBXNativeTarget "CoralApp" */;
			buildPhases = (
				7F07A51FC5DD842ED76CB317 /* Sources */,
				2D99007D78C774D0BB2D8F04 /* Frameworks */,
			);
			buildRules = (
			);
			dependencies = (
			);
			name = CoralApp;
			packageProductDependencies = (
				0B5FBB6194B2A0BD5B1BE44E /* SwiftTerm */,
			);
			productName = CoralApp;
			productReference = 3EA24C8BAC52EF9240D88653 /* CoralApp.app */;
			productType = "com.apple.product-type.application";
		};
/* End PBXNativeTarget section */

/* Begin PBXProject section */
		628F220A3D74C5C5BEC10CBD /* Project object */ = {
			isa = PBXProject;
			attributes = {
				BuildIndependentTargetsInParallel = YES;
				LastUpgradeCheck = 1600;
				TargetAttributes = {
				};
			};
			buildConfigurationList = 82380609F09B7BC61C7EEDA0 /* Build configuration list for PBXProject "CoralApp" */;
			developmentRegion = en;
			hasScannedForEncodings = 0;
			knownRegions = (
				Base,
				en,
			);
			mainGroup = 510FEAAE6770BDDAC931E955;
			minimizedProjectReferenceProxies = 1;
			packageReferences = (
				8A0BB69ABF0D2B6061D84254 /* XCRemoteSwiftPackageReference "SwiftTerm" */,
			);
			preferredProjectObjectVersion = 77;
			productRefGroup = C03C2C2BC5BC26CA8832B6DA /* Products */;
			projectDirPath = "";
			projectRoot = "";
			targets = (
				336EA1A04B625AB8DAC7DEB8 /* CoralApp */,
				2A915E85FC6DCCE16245AF78 /* CoralAppTests */,
			);
		};
/* End PBXProject section */

/* Begin PBXSourcesBuildPhase section */
		396CA988C6A3B78056FBA729 /* Sources */ = {
			isa = PBXSourcesBuildPhase;
			buildActionMask = 2147483647;
			files = (
				05917A8C56508A78542A856B /* LaunchRequestTests.swift in Sources */,
				CA15AA19EC673F63236200F0 /* SessionStoreTests.swift in Sources */,
				9A183AC5B573AC1799933BEC /* SessionTests.swift in Sources */,
				59228F6413F6A8EE3B40BFBD /* TestHelpers.swift in Sources */,
				B702A9B02F6793C221AB19C2 /* WSEnvelopeTests.swift in Sources */,
			);
			runOnlyForDeploymentPostprocessing = 0;
		};
		7F07A51FC5DD842ED76CB317 /* Sources */ = {
			isa = PBXSourcesBuildPhase;
			buildActionMask = 2147483647;
			files = (
				17E2C8899DF06AE371788C16 /* APIClient.swift in Sources */,
				2B918E92798AC7B98F897565 /* CommandInputView.swift in Sources */,
				D308B9600E14E598E09446EA /* ContentView.swift in Sources */,
				95A0A85A9FCE22CCF11FA75B /* CoralApp.swift in Sources */,
				F6A1181753693D8D454B94B8 /* CoralWebSocket.swift in Sources */,
				CCD578C6579D74630698CCC8 /* CreateWorktreeSheet.swift in Sources */,
				EB8CF35F8F1ACAA90122565A /* GitService.swift in Sources */,
				303A2088B3C8615747071AAF /* LaunchDropdown.swift in Sources */,
				97C10100BD2253767B09024D /* LaunchRequest.swift in Sources */,
				C25D7A900B9CCD6A8D096B4D /* LoadingView.swift in Sources */,
				46E6D7D5BD1B727CE24185D3 /* LocalTerminalView.swift in Sources */,
				90D1F74652D88DD181CD8424 /* NotificationManager.swift in Sources */,
				680B73EEB5ED3BB1DEB6CC6F /* RepoConfig.swift in Sources */,
				63107A62F753C9DBA358236A /* RepoConfigRow.swift in Sources */,
				19DAE3E0EBBBFFF78EDCC03D /* ServerManager.swift in Sources */,
				7C623E75E7BE38323532980A /* Session.swift in Sources */,
				A71FC1E4865D34638FDB1D1C /* SessionDetailView.swift in Sources */,
				11A49F79CAB93FED75F13EDA /* SessionListView.swift in Sources */,
				4E7EDCC9A5FAB5E95E8CDE04 /* SessionRowView.swift in Sources */,
				07BC9699EE306F772D3D98A2 /* SessionStore.swift in Sources */,
				5BDF7819FCDA83B9DABDDD7B /* SettingsView.swift in Sources */,
				EAF55BFBA30FF6858891F835 /* StatusDot.swift in Sources */,
				6B9287A51A0915CBFBAD10CE /* TerminalView.swift in Sources */,
				9DE88FFBC496B5797F95BEBD /* TerminalWebSocket.swift in Sources */,
			);
			runOnlyForDeploymentPostprocessing = 0;
		};
/* End PBXSourcesBuildPhase section */

/* Begin PBXTargetDependency section */
		5F2D71D296DB23218AA3DB4A /* PBXTargetDependency */ = {
			isa = PBXTargetDependency;
			target = 336EA1A04B625AB8DAC7DEB8 /* CoralApp */;
			targetProxy = 11DC7B42BC89F8D3AFC9604D /* PBXContainerItemProxy */;
		};
/* End PBXTargetDependency section */

/* Begin XCBuildConfiguration section */
		253DF1AC6785B26DD4CA1EAC /* Release */ = {
			isa = XCBuildConfiguration;
			buildSettings = {
				BUNDLE_LOADER = "$(TEST_HOST)";
				COMBINE_HIDPI_IMAGES = YES;
				GENERATE_INFOPLIST_FILE = YES;
				LD_RUNPATH_SEARCH_PATHS = (
					"$(inherited)",
					"@executable_path/../Frameworks",
					"@loader_path/../Frameworks",
				);
				MACOSX_DEPLOYMENT_TARGET = 15.0;
				PRODUCT_BUNDLE_IDENTIFIER = com.coral.CoralAppTests;
				SDKROOT = macosx;
				SWIFT_VERSION = 5.10;
				TEST_HOST = "$(BUILT_PRODUCTS_DIR)/Coral.app/Contents/MacOS/Coral";
			};
			name = Release;
		};
		4FCF279941894F16CB5CB5F8 /* Debug */ = {
			isa = XCBuildConfiguration;
			buildSettings = {
				ALWAYS_SEARCH_USER_PATHS = NO;
				CLANG_ANALYZER_NONNULL = YES;
				CLANG_ANALYZER_NUMBER_OBJECT_CONVERSION = YES_AGGRESSIVE;
				CLANG_CXX_LANGUAGE_STANDARD = "gnu++14";
				CLANG_CXX_LIBRARY = "libc++";
				CLANG_ENABLE_MODULES = YES;
				CLANG_ENABLE_OBJC_ARC = YES;
				CLANG_ENABLE_OBJC_WEAK = YES;
				CLANG_WARN_BLOCK_CAPTURE_AUTORELEASING = YES;
				CLANG_WARN_BOOL_CONVERSION = YES;
				CLANG_WARN_COMMA = YES;
				CLANG_WARN_CONSTANT_CONVERSION = YES;
				CLANG_WARN_DEPRECATED_OBJC_IMPLEMENTATIONS = YES;
				CLANG_WARN_DIRECT_OBJC_ISA_USAGE = YES_ERROR;
				CLANG_WARN_DOCUMENTATION_COMMENTS = YES;
				CLANG_WARN_EMPTY_BODY = YES;
				CLANG_WARN_ENUM_CONVERSION = YES;
				CLANG_WARN_INFINITE_RECURSION = YES;
				CLANG_WARN_INT_CONVERSION = YES;
				CLANG_WARN_NON_LITERAL_NULL_CONVERSION = YES;
				CLANG_WARN_OBJC_IMPLICIT_RETAIN_SELF = YES;
				CLANG_WARN_OBJC_LITERAL_CONVERSION = YES;
				CLANG_WARN_OBJC_ROOT_CLASS = YES_ERROR;
				CLANG_WARN_QUOTED_INCLUDE_IN_FRAMEWORK_HEADER = YES;
				CLANG_WARN_RANGE_LOOP_ANALYSIS = YES;
				CLANG_WARN_STRICT_PROTOTYPES = YES;
				CLANG_WARN_SUSPICIOUS_MOVE = YES;
				CLANG_WARN_UNGUARDED_AVAILABILITY = YES_AGGRESSIVE;
				CLANG_WARN_UNREACHABLE_CODE = YES;
				CLANG_WARN__DUPLICATE_METHOD_MATCH = YES;
				COPY_PHASE_STRIP = NO;
				DEBUG_INFORMATION_FORMAT = dwarf;
				ENABLE_STRICT_OBJC_MSGSEND = YES;
				ENABLE_TESTABILITY = YES;
				GCC_C_LANGUAGE_STANDARD = gnu11;
				GCC_DYNAMIC_NO_PIC = NO;
				GCC_NO_COMMON_BLOCKS = YES;
				GCC_OPTIMIZATION_LEVEL = 0;
				GCC_PREPROCESSOR_DEFINITIONS = (
					"$(inherited)",
					"DEBUG=1",
				);
				GCC_WARN_64_TO_32_BIT_CONVERSION = YES;
				GCC_WARN_ABOUT_RETURN_TYPE = YES_ERROR;
				GCC_WARN_UNDECLARED_SELECTOR = YES;
				GCC_WARN_UNINITIALIZED_AUTOS = YES_AGGRESSIVE;
				GCC_WARN_UNUSED_FUNCTION = YES;
				GCC_WARN_UNUSED_VARIABLE = YES;
				MACOSX_DEPLOYMENT_TARGET = 15.0;
				MTL_ENABLE_DEBUG_INFO = INCLUDE_SOURCE;
				MTL_FAST_MATH = YES;
				ONLY_ACTIVE_ARCH = YES;
				PRODUCT_NAME = "$(TARGET_NAME)";
				SDKROOT = macosx;
				SWIFT_ACTIVE_COMPILATION_CONDITIONS = DEBUG;
				SWIFT_OPTIMIZATION_LEVEL = "-Onone";
				SWIFT_VERSION = 5.0;
			};
			name = Debug;
		};
		86F6D0E990D5FF02EBFD7F41 /* Debug */ = {
			isa = XCBuildConfiguration;
			buildSettings = {
				BUNDLE_LOADER = "$(TEST_HOST)";
				COMBINE_HIDPI_IMAGES = YES;
				GENERATE_INFOPLIST_FILE = YES;
				LD_RUNPATH_SEARCH_PATHS = (
					"$(inherited)",
					"@executable_path/../Frameworks",
					"@loader_path/../Frameworks",
				);
				MACOSX_DEPLOYMENT_TARGET = 15.0;
				PRODUCT_BUNDLE_IDENTIFIER = com.coral.CoralAppTests;
				SDKROOT = macosx;
				SWIFT_VERSION = 5.10;
				TEST_HOST = "$(BUILT_PRODUCTS_DIR)/Coral.app/Contents/MacOS/Coral";
			};
			name = Debug;
		};
		D66A50505B511CFE1FB19E92 /* Release */ = {
			isa = XCBuildConfiguration;
			buildSettings = {
				ASSETCATALOG_COMPILER_APPICON_NAME = AppIcon;
				CODE_SIGN_ENTITLEMENTS = "";
				COMBINE_HIDPI_IMAGES = YES;
				CURRENT_PROJECT_VERSION = 1;
				ENABLE_APP_SANDBOX = NO;
				INFOPLIST_FILE = CoralApp/Info.plist;
				LD_RUNPATH_SEARCH_PATHS = (
					"$(inherited)",
					"@executable_path/../Frameworks",
				);
				MACOSX_DEPLOYMENT_TARGET = 15.0;
				MARKETING_VERSION = 1.0.0;
				PRODUCT_BUNDLE_IDENTIFIER = com.coral.app;
				PRODUCT_NAME = Coral;
				SDKROOT = macosx;
				SWIFT_VERSION = 5.10;
			};
			name = Release;
		};
		E33EE0AF94BB6960D2005D2E /* Release */ = {
			isa = XCBuildConfiguration;
			buildSettings = {
				ALWAYS_SEARCH_USER_PATHS = NO;
				CLANG_ANALYZER_NONNULL = YES;
				CLANG_ANALYZER_NUMBER_OBJECT_CONVERSION = YES_AGGRESSIVE;
				CLANG_CXX_LANGUAGE_STANDARD = "gnu++14";
				CLANG_CXX_LIBRARY = "libc++";
				CLANG_ENABLE_MODULES = YES;
				CLANG_ENABLE_OBJC_ARC = YES;
				CLANG_ENABLE_OBJC_WEAK = YES;
				CLANG_WARN_BLOCK_CAPTURE_AUTORELEASING = YES;
				CLANG_WARN_BOOL_CONVERSION = YES;
				CLANG_WARN_COMMA = YES;
				CLANG_WARN_CONSTANT_CONVERSION = YES;
				CLANG_WARN_DEPRECATED_OBJC_IMPLEMENTATIONS = YES;
				CLANG_WARN_DIRECT_OBJC_ISA_USAGE = YES_ERROR;
				CLANG_WARN_DOCUMENTATION_COMMENTS = YES;
				CLANG_WARN_EMPTY_BODY = YES;
				CLANG_WARN_ENUM_CONVERSION = YES;
				CLANG_WARN_INFINITE_RECURSION = YES;
				CLANG_WARN_INT_CONVERSION = YES;
				CLANG_WARN_NON_LITERAL_NULL_CONVERSION = YES;
				CLANG_WARN_OBJC_IMPLICIT_RETAIN_SELF = YES;
				CLANG_WARN_OBJC_LITERAL_CONVERSION = YES;
				CLANG_WARN_OBJC_ROOT_CLASS = YES_ERROR;
				CLANG_WARN_QUOTED_INCLUDE_IN_FRAMEWORK_HEADER = YES;
				CLANG_WARN_RANGE_LOOP_ANALYSIS = YES;
				CLANG_WARN_STRICT_PROTOTYPES = YES;
				CLANG_WARN_SUSPICIOUS_MOVE = YES;
				CLANG_WARN_UNGUARDED_AVAILABILITY = YES_AGGRESSIVE;
				CLANG_WARN_UNREACHABLE_CODE = YES;
				CLANG_WARN__DUPLICATE_METHOD_MATCH = YES;
				COPY_PHASE_STRIP = NO;
				DEBUG_INFORMATION_FORMAT = "dwarf-with-dsym";
				ENABLE_NS_ASSERTIONS = NO;
				ENABLE_STRICT_OBJC_MSGSEND = YES;
				GCC_C_LANGUAGE_STANDARD = gnu11;
				GCC_NO_COMMON_BLOCKS = YES;
				GCC_WARN_64_TO_32_BIT_CONVERSION = YES;
				GCC_WARN_ABOUT_RETURN_TYPE = YES_ERROR;
				GCC_WARN_UNDECLARED_SELECTOR = YES;
				GCC_WARN_UNINITIALIZED_AUTOS = YES_AGGRESSIVE;
				GCC_WARN_UNUSED_FUNCTION = YES;
				GCC_WARN_UNUSED_VARIABLE = YES;
				MACOSX_DEPLOYMENT_TARGET = 15.0;
				MTL_ENABLE_DEBUG_INFO = NO;
				MTL_FAST_MATH = YES;
				PRODUCT_NAME = "$(TARGET_NAME)";
				SDKROOT = macosx;
				SWIFT_COMPILATION_MODE = wholemodule;
				SWIFT_OPTIMIZATION_LEVEL = "-O";
				SWIFT_VERSION = 5.0;
			};
			name = Release;
		};
		EC8CF1462A66C849D300B37D /* Debug */ = {
			isa = XCBuildConfiguration;
			buildSettings = {
				ASSETCATALOG_COMPILER_APPICON_NAME = AppIcon;
				CODE_SIGN_ENTITLEMENTS = "";
				COMBINE_HIDPI_IMAGES = YES;
				CURRENT_PROJECT_VERSION = 1;
				ENABLE_APP_SANDBOX = NO;
				INFOPLIST_FILE = CoralApp/Info.plist;
				LD_RUNPATH_SEARCH_PATHS = (
					"$(inherited)",
					"@executable_path/../Frameworks",
				);
				MACOSX_DEPLOYMENT_TARGET = 15.0;
				MARKETING_VERSION = 1.0.0;
				PRODUCT_BUNDLE_IDENTIFIER = com.coral.app;
				PRODUCT_NAME = Coral;
				SDKROOT = macosx;
				SWIFT_VERSION = 5.10;
			};
			name = Debug;
		};
/* End XCBuildConfiguration section */

/* Begin XCConfigurationList section */
		82380609F09B7BC61C7EEDA0 /* Build configuration list for PBXProject "CoralApp" */ = {
			isa = XCConfigurationList;
			buildConfigurations = (
				4FCF279941894F16CB5CB5F8 /* Debug */,
				E33EE0AF94BB6960D2005D2E /* Release */,
			);
			defaultConfigurationIsVisible = 0;
			defaultConfigurationName = Debug;
		};
		AC0302DAAA3CBAD180F5AEE6 /* Build configuration list for PBXNativeTarget "CoralApp" */ = {
			isa = XCConfigurationList;
			buildConfigurations = (
				EC8CF1462A66C849D300B37D /* Debug */,
				D66A50505B511CFE1FB19E92 /* Release */,
			);
			defaultConfigurationIsVisible = 0;
			defaultConfigurationName = Debug;
		};
		D2388E9028B83B78FE957DD7 /* Build configuration list for PBXNativeTarget "CoralAppTests" */ = {
			isa = XCConfigurationList;
			buildConfigurations = (
				86F6D0E990D5FF02EBFD7F41 /* Debug */,
				253DF1AC6785B26DD4CA1EAC /* Release */,
			);
			defaultConfigurationIsVisible = 0;
			defaultConfigurationName = Debug;
		};
/* End XCConfigurationList section */

/* Begin XCRemoteSwiftPackageReference section */
		8A0BB69ABF0D2B6061D84254 /* XCRemoteSwiftPackageReference "SwiftTerm" */ = {
			isa = XCRemoteSwiftPackageReference;
			repositoryURL = "https://github.com/migueldeicaza/SwiftTerm";
			requirement = {
				kind = upToNextMajorVersion;
				minimumVersion = 1.2.0;
			};
		};
/* End XCRemoteSwiftPackageReference section */

/* Begin XCSwiftPackageProductDependency section */
		0B5FBB6194B2A0BD5B1BE44E /* SwiftTerm */ = {
			isa = XCSwiftPackageProductDependency;
			package = 8A0BB69ABF0D2B6061D84254 /* XCRemoteSwiftPackageReference "SwiftTerm" */;
			productName = SwiftTerm;
		};
/* End XCSwiftPackageProductDependency section */
	};
	rootObject = 628F220A3D74C5C5BEC10CBD /* Project object */;
}
